
Microsoft Visual Studio Solution File, Format Version 12.00
# Visual Studio Version 17
VisualStudioVersion = 17.6.33829.357
MinimumVisualStudioVersion = 10.0.40219.1
Project("{8BC9CEB8-8B4A-11D0-8D11-00A0C91BC942}") = "Buoi3", "C:\Users\TGDD_ACER\Documents\Zalo Received Files\Buoi3\Buoi3.vcxproj", "{74AAF598-5092-41AE-BB94-C842CD837C66}"
EndProject
Project("{8BC9CEB8-8B4A-11D0-8D11-00A0C91BC942}") = "buoi 2", "buoi 3\buoi 3.vcxproj", "{EBB6765A-284F-4B70-BFED-2E756DA03A34}"
EndProject
Project("{8BC9CEB8-8B4A-11D0-8D11-00A0C91BC942}") = "buoi 1", "buoi 1\buoi 1.vcxproj", "{ADBA5371-A4DD-47D5-B08E-D367FA2C57DD}"
EndProject
Global
	GlobalSection(SolutionConfigurationPlatforms) = preSolution
		Debug|x64 = Debug|x64
		Debug|x86 = Debug|x86
		Release|x64 = Release|x64
		Release|x86 = Release|x86
	EndGlobalSection
	GlobalSection(ProjectConfigurationPlatforms) = postSolution
		{74AAF598-5092-41AE-BB94-C842CD837C66}.Debug|x64.ActiveCfg = Debug|x64
		{74AAF598-5092-41AE-BB94-C842CD837C66}.Debug|x64.Build.0 = Debug|x64
		{74AAF598-5092-41AE-BB94-C842CD837C66}.Debug|x86.ActiveCfg = Debug|Win32
		{74AAF598-5092-41AE-BB94-C842CD837C66}.Debug|x86.Build.0 = Debug|Win32
		{74AAF598-5092-41AE-BB94-C842CD837C66}.Release|x64.ActiveCfg = Release|x64
		{74AAF598-5092-41AE-BB94-C842CD837C66}.Release|x64.Build.0 = Release|x64
		{74AAF598-5092-41AE-BB94-C842CD837C66}.Release|x86.ActiveCfg = Release|Win32
		{74AAF598-5092-41AE-BB94-C842CD837C66}.Release|x86.Build.0 = Release|Win32
		{EBB6765A-284F-4B70-BFED-2E756DA03A34}.Debug|x64.ActiveCfg = Debug|x64
		{EBB6765A-284F-4B70-BFED-2E756DA03A34}.Debug|x64.Build.0 = Debug|x64
		{EBB6765A-284F-4B70-BFED-2E756DA03A34}.Debug|x86.ActiveCfg = Debug|Win32
		{EBB6765A-284F-4B70-BFED-2E756DA03A34}.Debug|x86.Build.0 = Debug|Win32
		{EBB6765A-284F-4B70-BFED-2E756DA03A34}.Release|x64.ActiveCfg = Release|x64
		{EBB6765A-284F-4B70-BFED-2E756DA03A34}.Release|x64.Build.0 = Release|x64
		{EBB6765A-284F-4B70-BFED-2E756DA03A34}.Release|x86.ActiveCfg = Release|Win32
		{EBB6765A-284F-4B70-BFED-2E756DA03A34}.Release|x86.Build.0 = Release|Win32
		{ADBA5371-A4DD-47D5-B08E-D367FA2C57DD}.Debug|x64.ActiveCfg = Debug|x64
		{ADBA5371-A4DD-47D5-B08E-D367FA2C57DD}.Debug|x64.Build.0 = Debug|x64
		{ADBA5371-A4DD-47D5-B08E-D367FA2C57DD}.Debug|x86.ActiveCfg = Debug|Win32
		{ADBA5371-A4DD-47D5-B08E-D367FA2C57DD}.Debug|x86.Build.0 = Debug|Win32
		{ADBA5371-A4DD-47D5-B08E-D367FA2C57DD}.Release|x64.ActiveCfg = Release|x64
		{ADBA5371-A4DD-47D5-B08E-D367FA2C57DD}.Release|x64.Build.0 = Release|x64
		{ADBA5371-A4DD-47D5-B08E-D367FA2C57DD}.Release|x86.ActiveCfg = Release|Win32
		{ADBA5371-A4DD-47D5-B08E-D367FA2C57DD}.Release|x86.Build.0 = Release|Win32
	EndGlobalSection
	GlobalSection(SolutionProperties) = preSolution
		HideSolutionNode = FALSE
	EndGlobalSection
	GlobalSection(ExtensibilityGlobals) = postSolution
		SolutionGuid = {6738A154-066C-4BCC-8819-FA6706A4574E}
	EndGlobalSection
EndGlobal
